{
  "version": "4",
  "specifiers": {
    "npm:@pgtyped/cli@*": "2.3.0_typescript@5.7.3_fp-ts@2.16.9_io-ts@2.2.22__fp-ts@2.16.9_chokidar@3.6.0",
    "npm:zod@^3.24.2": "3.24.2"
  },
  "npm": {
    "@isaacs/cliui@8.0.2": {
      "integrity": "sha512-O8jcjabXaleOG9DQ0+ARXWZBTfnP4WNAqzuiJK7ll44AmxGKv/J2M4TPjxjY3znBCfvBXFzucm1twdyFybFqEA==",
      "dependencies": [
        "string-width@5.1.2",
        "string-width-cjs@npm:string-width@4.2.3",
        "strip-ansi@7.1.0",
        "strip-ansi-cjs@npm:strip-ansi@6.0.1",
        "wrap-ansi@8.1.0",
        "wrap-ansi-cjs@npm:wrap-ansi@7.0.0"
      ]
    },
    "@napi-rs/nice-android-arm-eabi@1.0.1": {
      "integrity": "sha512-5qpvOu5IGwDo7MEKVqqyAxF90I6aLj4n07OzpARdgDRfz8UbBztTByBp0RC59r3J1Ij8uzYi6jI7r5Lws7nn6w=="
    },
    "@napi-rs/nice-android-arm64@1.0.1": {
      "integrity": "sha512-GqvXL0P8fZ+mQqG1g0o4AO9hJjQaeYG84FRfZaYjyJtZZZcMjXW5TwkL8Y8UApheJgyE13TQ4YNUssQaTgTyvA=="
    },
    "@napi-rs/nice-darwin-arm64@1.0.1": {
      "integrity": "sha512-91k3HEqUl2fsrz/sKkuEkscj6EAj3/eZNCLqzD2AA0TtVbkQi8nqxZCZDMkfklULmxLkMxuUdKe7RvG/T6s2AA=="
    },
    "@napi-rs/nice-darwin-x64@1.0.1": {
      "integrity": "sha512-jXnMleYSIR/+TAN/p5u+NkCA7yidgswx5ftqzXdD5wgy/hNR92oerTXHc0jrlBisbd7DpzoaGY4cFD7Sm5GlgQ=="
    },
    "@napi-rs/nice-freebsd-x64@1.0.1": {
      "integrity": "sha512-j+iJ/ezONXRQsVIB/FJfwjeQXX7A2tf3gEXs4WUGFrJjpe/z2KB7sOv6zpkm08PofF36C9S7wTNuzHZ/Iiccfw=="
    },
    "@napi-rs/nice-linux-arm-gnueabihf@1.0.1": {
      "integrity": "sha512-G8RgJ8FYXYkkSGQwywAUh84m946UTn6l03/vmEXBYNJxQJcD+I3B3k5jmjFG/OPiU8DfvxutOP8bi+F89MCV7Q=="
    },
    "@napi-rs/nice-linux-arm64-gnu@1.0.1": {
      "integrity": "sha512-IMDak59/W5JSab1oZvmNbrms3mHqcreaCeClUjwlwDr0m3BoR09ZiN8cKFBzuSlXgRdZ4PNqCYNeGQv7YMTjuA=="
    },
    "@napi-rs/nice-linux-arm64-musl@1.0.1": {
      "integrity": "sha512-wG8fa2VKuWM4CfjOjjRX9YLIbysSVV1S3Kgm2Fnc67ap/soHBeYZa6AGMeR5BJAylYRjnoVOzV19Cmkco3QEPw=="
    },
    "@napi-rs/nice-linux-ppc64-gnu@1.0.1": {
      "integrity": "sha512-lxQ9WrBf0IlNTCA9oS2jg/iAjQyTI6JHzABV664LLrLA/SIdD+I1i3Mjf7TsnoUbgopBcCuDztVLfJ0q9ubf6Q=="
    },
    "@napi-rs/nice-linux-riscv64-gnu@1.0.1": {
      "integrity": "sha512-3xs69dO8WSWBb13KBVex+yvxmUeEsdWexxibqskzoKaWx9AIqkMbWmE2npkazJoopPKX2ULKd8Fm9veEn0g4Ig=="
    },
    "@napi-rs/nice-linux-s390x-gnu@1.0.1": {
      "integrity": "sha512-lMFI3i9rlW7hgToyAzTaEybQYGbQHDrpRkg+1gJWEpH0PLAQoZ8jiY0IzakLfNWnVda1eTYYlxxFYzW8Rqczkg=="
    },
    "@napi-rs/nice-linux-x64-gnu@1.0.1": {
      "integrity": "sha512-XQAJs7DRN2GpLN6Fb+ZdGFeYZDdGl2Fn3TmFlqEL5JorgWKrQGRUrpGKbgZ25UeZPILuTKJ+OowG2avN8mThBA=="
    },
    "@napi-rs/nice-linux-x64-musl@1.0.1": {
      "integrity": "sha512-/rodHpRSgiI9o1faq9SZOp/o2QkKQg7T+DK0R5AkbnI/YxvAIEHf2cngjYzLMQSQgUhxym+LFr+UGZx4vK4QdQ=="
    },
    "@napi-rs/nice-win32-arm64-msvc@1.0.1": {
      "integrity": "sha512-rEcz9vZymaCB3OqEXoHnp9YViLct8ugF+6uO5McifTedjq4QMQs3DHz35xBEGhH3gJWEsXMUbzazkz5KNM5YUg=="
    },
    "@napi-rs/nice-win32-ia32-msvc@1.0.1": {
      "integrity": "sha512-t7eBAyPUrWL8su3gDxw9xxxqNwZzAqKo0Szv3IjVQd1GpXXVkb6vBBQUuxfIYaXMzZLwlxRQ7uzM2vdUE9ULGw=="
    },
    "@napi-rs/nice-win32-x64-msvc@1.0.1": {
      "integrity": "sha512-JlF+uDcatt3St2ntBG8H02F1mM45i5SF9W+bIKiReVE6wiy3o16oBP/yxt+RZ+N6LbCImJXJ6bXNO2kn9AXicg=="
    },
    "@napi-rs/nice@1.0.1": {
      "integrity": "sha512-zM0mVWSXE0a0h9aKACLwKmD6nHcRiKrPpCfvaKqG1CqDEyjEawId0ocXxVzPMCAm6kkWr2P025msfxXEnt8UGQ==",
      "dependencies": [
        "@napi-rs/nice-android-arm-eabi",
        "@napi-rs/nice-android-arm64",
        "@napi-rs/nice-darwin-arm64",
        "@napi-rs/nice-darwin-x64",
        "@napi-rs/nice-freebsd-x64",
        "@napi-rs/nice-linux-arm-gnueabihf",
        "@napi-rs/nice-linux-arm64-gnu",
        "@napi-rs/nice-linux-arm64-musl",
        "@napi-rs/nice-linux-ppc64-gnu",
        "@napi-rs/nice-linux-riscv64-gnu",
        "@napi-rs/nice-linux-s390x-gnu",
        "@napi-rs/nice-linux-x64-gnu",
        "@napi-rs/nice-linux-x64-musl",
        "@napi-rs/nice-win32-arm64-msvc",
        "@napi-rs/nice-win32-ia32-msvc",
        "@napi-rs/nice-win32-x64-msvc"
      ]
    },
    "@pgtyped/cli@2.3.0_typescript@5.7.3_fp-ts@2.16.9_io-ts@2.2.22__fp-ts@2.16.9_chokidar@3.6.0": {
      "integrity": "sha512-mSCx3BQW4IkfMyAOdCJZSYo2+G6rRaP05TkIMCLxTl+qiAyDyPiTwnYHCfcLV9ZHvloZ03UEUMLyOySapq5eyw==",
      "dependencies": [
        "@pgtyped/parser",
        "@pgtyped/query",
        "@pgtyped/wire",
        "camel-case",
        "chalk",
        "chokidar",
        "debug",
        "fp-ts",
        "fs-extra",
        "glob",
        "io-ts",
        "io-ts-reporters",
        "nunjucks",
        "pascal-case",
        "piscina",
        "tinypool",
        "ts-parse-database-url",
        "typescript",
        "yargs"
      ]
    },
    "@pgtyped/parser@2.3.0": {
      "integrity": "sha512-KJ/rXbHnq0aRdyVo4RjIivXJMnOJjaxmk060uAqLVzgOVy2xF2lZ2GAykH1JSCRpRbpikUOtb4QE7dkbownB6g==",
      "dependencies": [
        "antlr4ts",
        "chalk",
        "debug"
      ]
    },
    "@pgtyped/query@2.3.0": {
      "integrity": "sha512-Ko+JqkeU+bNlQK1PiL/+KitNj4fBNIvgJPBeRJGbNyRidTNuMSBFnd+DLjnhWP8bEu8e0b+mm9nECcmbbBNrpA==",
      "dependencies": [
        "@pgtyped/runtime",
        "@pgtyped/wire",
        "chalk",
        "debug"
      ]
    },
    "@pgtyped/runtime@2.3.0": {
      "integrity": "sha512-B8RMUeX+zsaXfKOuR3w3Vku5YLSQ8rw+YUYc2IyAFzlQJZpAQDkkAVM0abgGNQE8bOK1wuE+nHJawWuVy+I8bA==",
      "dependencies": [
        "@pgtyped/parser",
        "chalk",
        "debug"
      ]
    },
    "@pgtyped/wire@2.3.0": {
      "integrity": "sha512-bUJXVeSphcZvk8nSyIz42oZhthQK/zvDWC6JPgLZ3zjTknOGTFLIyLJomTpbfy0CHdEpNMEeF64hh4rU1uQyiA==",
      "dependencies": [
        "debug"
      ]
    },
    "@pkgjs/parseargs@0.11.0": {
      "integrity": "sha512-+1VkjdD0QBLPodGrJUeqarH8VAIvQODIbwh9XpP5Syisf7YoQgsJKPNFoqqLQlu+VQ/tVSshMR6loPMn8U+dPg=="
    },
    "@scarf/scarf@1.4.0": {
      "integrity": "sha512-xxeapPiUXdZAE3che6f3xogoJPeZgig6omHEy1rIY5WVsB3H2BHNnZH+gHG6x91SCWyQCzWGsuL2Hh3ClO5/qQ=="
    },
    "a-sync-waterfall@1.0.1": {
      "integrity": "sha512-RYTOHHdWipFUliRFMCS4X2Yn2X8M87V/OpSqWzKKOGhzqyUxzyVmhHDH9sAvG+ZuQf/TAOFsLCpMw09I1ufUnA=="
    },
    "ansi-regex@5.0.1": {
      "integrity": "sha512-quJQXlTSUGL2LH9SUXo8VwsY4soanhgo6LNSm84E1LBcE8s3O0wpdiRzyR9z/ZZJMlMWv37qOOb9pdJlMUEKFQ=="
    },
    "ansi-regex@6.1.0": {
      "integrity": "sha512-7HSX4QQb4CspciLpVFwyRe79O3xsIZDDLER21kERQ71oaPodF8jL725AgJMFAYbooIqolJoRLuM81SpeUkpkvA=="
    },
    "ansi-styles@4.3.0": {
      "integrity": "sha512-zbB9rCJAT1rbjiVDb2hqKFHNYLxgtk8NURxZ3IZwD3F6NtxbXZQCnnSi1Lkx+IDohdPlFp222wVALIheZJQSEg==",
      "dependencies": [
        "color-convert"
      ]
    },
    "ansi-styles@6.2.1": {
      "integrity": "sha512-bN798gFfQX+viw3R7yrGWRqnrN2oRkEkUjjl4JNn4E8GxxbjtG3FbrEIIY3l8/hrwUwIeCZvi4QuOTP4MErVug=="
    },
    "antlr4ts@0.5.0-alpha.4": {
      "integrity": "sha512-WPQDt1B74OfPv/IMS2ekXAKkTZIHl88uMetg6q3OTqgFxZ/dxDXI0EWLyZid/1Pe6hTftyg5N7gel5wNAGxXyQ=="
    },
    "anymatch@3.1.3": {
      "integrity": "sha512-KMReFUr0B4t+D+OBkjR3KYqvocp2XaSzO55UcB6mgQMd3KbcE+mWTyvVV7D/zsdEbNnV6acZUutkiHQXvTr1Rw==",
      "dependencies": [
        "normalize-path",
        "picomatch"
      ]
    },
    "asap@2.0.6": {
      "integrity": "sha512-BSHWgDSAiKs50o2Re8ppvp3seVHXSRM44cdSsT9FfNEUUZLOGWVCsiWaRPWM1Znn+mqZ1OfVZ3z3DWEzSp7hRA=="
    },
    "balanced-match@1.0.2": {
      "integrity": "sha512-3oSeUO0TMV67hN1AmbXsK4yaqU7tjiHlbxRDZOpH0KW9+CeX4bRAaX0Anxt0tx2MrpRpWwQaPwIlISEJhYU5Pw=="
    },
    "binary-extensions@2.3.0": {
      "integrity": "sha512-Ceh+7ox5qe7LJuLHoY0feh3pHuUDHAcRUeyL2VYghZwfpkNIy/+8Ocg0a3UuSoYzavmylwuLWQOf3hl0jjMMIw=="
    },
    "brace-expansion@2.0.1": {
      "integrity": "sha512-XnAIvQ8eM+kC6aULx6wuQiwVsnzsi9d3WxzV3FpWTGA19F621kwdbsAcFKXgKUHZWsy+mY6iL1sHTxWEFCytDA==",
      "dependencies": [
        "balanced-match"
      ]
    },
    "braces@3.0.3": {
      "integrity": "sha512-yQbXgO/OSZVD2IsiLlro+7Hf6Q18EJrKSEsdoMzKePKXct3gvD8oLcOQdIzGupr5Fj+EDe8gO/lxc1BzfMpxvA==",
      "dependencies": [
        "fill-range"
      ]
    },
    "camel-case@4.1.2": {
      "integrity": "sha512-gxGWBrTT1JuMx6R+o5PTXMmUnhnVzLQ9SNutD4YqKtI6ap897t3tKECYla6gCWEkplXnlNybEkZg9GEGxKFCgw==",
      "dependencies": [
        "pascal-case",
        "tslib"
      ]
    },
    "chalk@4.1.2": {
      "integrity": "sha512-oKnbhFyRIXpUuez8iBMmyEa4nbj4IOQyuhc/wy9kY7/WVPcwIO9VA668Pu8RkO7+0G76SLROeyw9CpQ061i4mA==",
      "dependencies": [
        "ansi-styles@4.3.0",
        "supports-color"
      ]
    },
    "chokidar@3.6.0": {
      "integrity": "sha512-7VT13fmjotKpGipCW9JEQAusEPE+Ei8nl6/g4FBAmIm0GOOLMua9NDDo/DWp0ZAxCr3cPq5ZpBqmPAQgDda2Pw==",
      "dependencies": [
        "anymatch",
        "braces",
        "fsevents",
        "glob-parent",
        "is-binary-path",
        "is-glob",
        "normalize-path",
        "readdirp"
      ]
    },
    "cliui@8.0.1": {
      "integrity": "sha512-BSeNnyus75C4//NQ9gQt1/csTXyo/8Sb+afLAkzAptFuMsod9HFokGNudZpi/oQV73hnVK+sR+5PVRMd+Dr7YQ==",
      "dependencies": [
        "string-width@4.2.3",
        "strip-ansi@6.0.1",
        "wrap-ansi@7.0.0"
      ]
    },
    "color-convert@2.0.1": {
      "integrity": "sha512-RRECPsj7iu/xb5oKYcsFHSppFNnsj/52OVTRKb4zP5onXwVF3zVmmToNcOfGC+CRDpfK/U584fMg38ZHCaElKQ==",
      "dependencies": [
        "color-name"
      ]
    },
    "color-name@1.1.4": {
      "integrity": "sha512-dOy+3AuW3a2wNbZHIuMZpTcgjGuLU/uBL/ubcZF9OXbDo8ff4O8yVp5Bf0efS8uEoYo5q4Fx7dY9OgQGXgAsQA=="
    },
    "commander@5.1.0": {
      "integrity": "sha512-P0CysNDQ7rtVw4QIQtm+MRxV66vKFSvlsQvGYXZWR3qFU0jlMKHZZZgw8e+8DSah4UDKMqnknRDQz+xuQXQ/Zg=="
    },
    "cross-spawn@7.0.6": {
      "integrity": "sha512-uV2QOWP2nWzsy2aMp8aRibhi9dlzF5Hgh5SHaB9OiTGEyDTiJJyx0uy51QXdyWbtAHNua4XJzUKca3OzKUd3vA==",
      "dependencies": [
        "path-key",
        "shebang-command",
        "which"
      ]
    },
    "debug@4.4.0": {
      "integrity": "sha512-6WTZ/IxCY/T6BALoZHaE4ctp9xm+Z5kY/pzYaCHRFeyVhojxlrm+46y68HA6hr0TcwEssoxNiDEUJQjfPZ/RYA==",
      "dependencies": [
        "ms"
      ]
    },
    "eastasianwidth@0.2.0": {
      "integrity": "sha512-I88TYZWc9XiYHRQ4/3c5rjjfgkjhLyW2luGIheGERbNQ6OY7yTybanSpDXZa8y7VUP9YmDcYa+eyq4ca7iLqWA=="
    },
    "emoji-regex@8.0.0": {
      "integrity": "sha512-MSjYzcWNOA0ewAHpz0MxpYFvwg6yjy1NG3xteoqz644VCo/RPgnr1/GGt+ic3iJTzQ8Eu3TdM14SawnVUmGE6A=="
    },
    "emoji-regex@9.2.2": {
      "integrity": "sha512-L18DaJsXSUk2+42pv8mLs5jJT2hqFkFE4j21wOmgbUqsZ2hL72NsUU785g9RXgo3s0ZNgVl42TiHp3ZtOv/Vyg=="
    },
    "escalade@3.2.0": {
      "integrity": "sha512-WUj2qlxaQtO4g6Pq5c29GTcWGDyd8itL8zTlipgECz3JesAiiOKotd8JU6otB3PACgG6xkJUyVhboMS+bje/jA=="
    },
    "fill-range@7.1.1": {
      "integrity": "sha512-YsGpe3WHLK8ZYi4tWDg2Jy3ebRz2rXowDxnld4bkQB00cc/1Zw9AWnC0i9ztDJitivtQvaI9KaLyKrc+hBW0yg==",
      "dependencies": [
        "to-regex-range"
      ]
    },
    "foreground-child@3.3.0": {
      "integrity": "sha512-Ld2g8rrAyMYFXBhEqMz8ZAHBi4J4uS1i/CxGMDnjyFWddMXLVcDp051DZfu+t7+ab7Wv6SMqpWmyFIj5UbfFvg==",
      "dependencies": [
        "cross-spawn",
        "signal-exit"
      ]
    },
    "fp-ts@2.16.9": {
      "integrity": "sha512-+I2+FnVB+tVaxcYyQkHUq7ZdKScaBlX53A41mxQtpIccsfyv8PzdzP7fzp2AY832T4aoK6UZ5WRX/ebGd8uZuQ=="
    },
    "fs-extra@11.3.0": {
      "integrity": "sha512-Z4XaCL6dUDHfP/jT25jJKMmtxvuwbkrD1vNSMFlo9lNLY2c5FHYSQgHPRZUjAB26TpDEoW9HCOgplrdbaPV/ew==",
      "dependencies": [
        "graceful-fs",
        "jsonfile",
        "universalify"
      ]
    },
    "fsevents@2.3.3": {
      "integrity": "sha512-5xoDfX+fL7faATnagmWPpbFtwh/R77WmMMqqHGS65C3vvB0YHrgF+B1YmZ3441tMj5n63k0212XNoJwzlhffQw=="
    },
    "get-caller-file@2.0.5": {
      "integrity": "sha512-DyFP3BM/3YHTQOCUL/w0OZHR0lpKeGrxotcHWcqNEdnltqFwXVfhEBQ94eIo34AfQpo0rGki4cyIiftY06h2Fg=="
    },
    "glob-parent@5.1.2": {
      "integrity": "sha512-AOIgSQCepiJYwP3ARnGx+5VnTu2HBYdzbGP45eLw1vr3zB3vZLeyed1sC9hnbcOc9/SrMyM5RPQrkGz4aS9Zow==",
      "dependencies": [
        "is-glob"
      ]
    },
    "glob@10.4.5": {
      "integrity": "sha512-7Bv8RF0k6xjo7d4A/PxYLbUCfb6c+Vpd2/mB2yRDlew7Jb5hEXiCD9ibfO7wpk8i4sevK6DFny9h7EYbM3/sHg==",
      "dependencies": [
        "foreground-child",
        "jackspeak",
        "minimatch",
        "minipass",
        "package-json-from-dist",
        "path-scurry"
      ]
    },
    "graceful-fs@4.2.11": {
      "integrity": "sha512-RbJ5/jmFcNNCcDV5o9eTnBLJ/HszWV0P73bc+Ff4nS/rJj+YaS6IGyiOL0VoBYX+l1Wrl3k63h/KrH+nhJ0XvQ=="
    },
    "has-flag@4.0.0": {
      "integrity": "sha512-EykJT/Q1KjTWctppgIAgfSO0tKVuZUjhgMr17kqTumMl6Afv3EISleU7qZUzoXDFTAHTDC4NOoG/ZxU3EvlMPQ=="
    },
    "io-ts-reporters@2.0.1_fp-ts@2.16.9_io-ts@2.2.22__fp-ts@2.16.9": {
      "integrity": "sha512-RVpLstYBsmTGgCW9wJ5KVyN/eRnRUDp87Flt4D1O3aJ7oAnd8csq8aXuu7ZeNK8qEDKmjUl9oUuzfwikaNAMKQ==",
      "dependencies": [
        "@scarf/scarf",
        "fp-ts",
        "io-ts"
      ]
    },
    "io-ts@2.2.22_fp-ts@2.16.9": {
      "integrity": "sha512-FHCCztTkHoV9mdBsHpocLpdTAfh956ZQcIkWQxxS0U5HT53vtrcuYdQneEJKH6xILaLNzXVl2Cvwtoy8XNN0AA==",
      "dependencies": [
        "fp-ts"
      ]
    },
    "is-binary-path@2.1.0": {
      "integrity": "sha512-ZMERYes6pDydyuGidse7OsHxtbI7WVeUEozgR/g7rd0xUimYNlvZRE/K2MgZTjWy725IfelLeVcEM97mmtRGXw==",
      "dependencies": [
        "binary-extensions"
      ]
    },
    "is-extglob@2.1.1": {
      "integrity": "sha512-SbKbANkN603Vi4jEZv49LeVJMn4yGwsbzZworEoyEiutsN3nJYdbO36zfhGJ6QEDpOZIFkDtnq5JRxmvl3jsoQ=="
    },
    "is-fullwidth-code-point@3.0.0": {
      "integrity": "sha512-zymm5+u+sCsSWyD9qNaejV3DFvhCKclKdizYaJUuHA83RLjb7nSuGnddCHGv0hk+KY7BMAlsWeK4Ueg6EV6XQg=="
    },
    "is-glob@4.0.3": {
      "integrity": "sha512-xelSayHH36ZgE7ZWhli7pW34hNbNl8Ojv5KVmkJD4hBdD3th8Tfk9vYasLM+mXWOZhFkgZfxhLSnrwRr4elSSg==",
      "dependencies": [
        "is-extglob"
      ]
    },
    "is-number@7.0.0": {
      "integrity": "sha512-41Cifkg6e8TylSpdtTpeLVMqvSBEVzTttHvERD741+pnZ8ANv0004MRL43QKPDlK9cGvNp6NZWZUBlbGXYxxng=="
    },
    "isexe@2.0.0": {
      "integrity": "sha512-RHxMLp9lnKHGHRng9QFhRCMbYAcVpn69smSGcq3f36xjgVVWThj4qqLbTLlq7Ssj8B+fIQ1EuCEGI2lKsyQeIw=="
    },
    "jackspeak@3.4.3": {
      "integrity": "sha512-OGlZQpz2yfahA/Rd1Y8Cd9SIEsqvXkLVoSw/cgwhnhFMDbsQFeZYoJJ7bIZBS9BcamUW96asq/npPWugM+RQBw==",
      "dependencies": [
        "@isaacs/cliui",
        "@pkgjs/parseargs"
      ]
    },
    "jsonfile@6.1.0": {
      "integrity": "sha512-5dgndWOriYSm5cnYaJNhalLNDKOqFwyDB/rr1E9ZsGciGvKPs8R2xYGCacuf3z6K1YKDz182fd+fY3cn3pMqXQ==",
      "dependencies": [
        "graceful-fs",
        "universalify"
      ]
    },
    "lower-case@2.0.2": {
      "integrity": "sha512-7fm3l3NAF9WfN6W3JOmf5drwpVqX78JtoGJ3A6W0a6ZnldM41w2fV5D490psKFTpMds8TJse/eHLFFsNHHjHgg==",
      "dependencies": [
        "tslib"
      ]
    },
    "lru-cache@10.4.3": {
      "integrity": "sha512-JNAzZcXrCt42VGLuYz0zfAzDfAvJWW6AfYlDBQyDV5DClI2m5sAmK+OIO7s59XfsRsWHp02jAJrRadPRGTt6SQ=="
    },
    "minimatch@9.0.5": {
      "integrity": "sha512-G6T0ZX48xgozx7587koeX9Ys2NYy6Gmv//P89sEte9V9whIapMNF4idKxnW2QtCcLiTWlb/wfCabAtAFWhhBow==",
      "dependencies": [
        "brace-expansion"
      ]
    },
    "minipass@7.1.2": {
      "integrity": "sha512-qOOzS1cBTWYF4BH8fVePDBOO9iptMnGUEZwNc/cMWnTV2nVLZ7VoNWEPHkYczZA0pdoA7dl6e7FL659nX9S2aw=="
    },
    "mongodb-uri@0.9.7": {
      "integrity": "sha512-s6BdnqNoEYfViPJgkH85X5Nw5NpzxN8hoflKLweNa7vBxt2V7kaS06d74pAtqDxde8fn4r9h4dNdLiFGoNV0KA=="
    },
    "ms@2.1.3": {
      "integrity": "sha512-6FlzubTLZG3J2a/NVCAleEhjzq5oxgHyaCU9yYXvcLsvoVaHJq/s5xXI6/XXP6tz7R9xAOtHnSO/tXtF3WRTlA=="
    },
    "no-case@3.0.4": {
      "integrity": "sha512-fgAN3jGAh+RoxUGZHTSOLJIqUc2wmoBwGR4tbpNAKmmovFoWq0OdRkb0VkldReO2a2iBT/OEulG9XSUc10r3zg==",
      "dependencies": [
        "lower-case",
        "tslib"
      ]
    },
    "normalize-path@3.0.0": {
      "integrity": "sha512-6eZs5Ls3WtCisHWp9S2GUy8dqkpGi4BVSz3GaqiE6ezub0512ESztXUwUB6C6IKbQkY2Pnb/mD4WYojCRwcwLA=="
    },
    "nunjucks@3.2.4_chokidar@3.6.0": {
      "integrity": "sha512-26XRV6BhkgK0VOxfbU5cQI+ICFUtMLixv1noZn1tGU38kQH5A5nmmbk/O45xdyBhD1esk47nKrY0mvQpZIhRjQ==",
      "dependencies": [
        "a-sync-waterfall",
        "asap",
        "chokidar",
        "commander"
      ]
    },
    "package-json-from-dist@1.0.1": {
      "integrity": "sha512-UEZIS3/by4OC8vL3P2dTXRETpebLI2NiI5vIrjaD/5UtrkFX/tNbwjTSRAGC/+7CAo2pIcBaRgWmcBBHcsaCIw=="
    },
    "pascal-case@3.1.2": {
      "integrity": "sha512-uWlGT3YSnK9x3BQJaOdcZwrnV6hPpd8jFH1/ucpiLRPh/2zCVJKS19E4GvYHvaCcACn3foXZ0cLB9Wrx1KGe5g==",
      "dependencies": [
        "no-case",
        "tslib"
      ]
    },
    "path-key@3.1.1": {
      "integrity": "sha512-ojmeN0qd+y0jszEtoY48r0Peq5dwMEkIlCOu6Q5f41lfkswXuKtYrhgoTpLnyIcHm24Uhqx+5Tqm2InSwLhE6Q=="
    },
    "path-scurry@1.11.1": {
      "integrity": "sha512-Xa4Nw17FS9ApQFJ9umLiJS4orGjm7ZzwUrwamcGQuHSzDyth9boKDaycYdDcZDuqYATXw4HFXgaqWTctW/v1HA==",
      "dependencies": [
        "lru-cache",
        "minipass"
      ]
    },
    "picomatch@2.3.1": {
      "integrity": "sha512-JU3teHTNjmE2VCGFzuY8EXzCDVwEqB2a8fsIvwaStHhAWJEeVd1o1QD80CU6+ZdEXXSLbSsuLwJjkCBWqRQUVA=="
    },
    "piscina@4.8.0": {
      "integrity": "sha512-EZJb+ZxDrQf3dihsUL7p42pjNyrNIFJCrRHPMgxu/svsj+P3xS3fuEWp7k2+rfsavfl1N0G29b1HGs7J0m8rZA==",
      "dependencies": [
        "@napi-rs/nice"
      ]
    },
    "readdirp@3.6.0": {
      "integrity": "sha512-hOS089on8RduqdbhvQ5Z37A0ESjsqz6qnRcffsMU3495FuTdqSm+7bhJ29JvIOsBDEEnan5DPu9t3To9VRlMzA==",
      "dependencies": [
        "picomatch"
      ]
    },
    "require-directory@2.1.1": {
      "integrity": "sha512-fGxEI7+wsG9xrvdjsrlmL22OMTTiHRwAMroiEeMgq8gzoLC/PQr7RsRDSTLUg/bZAZtF+TVIkHc6/4RIKrui+Q=="
    },
    "shebang-command@2.0.0": {
      "integrity": "sha512-kHxr2zZpYtdmrN1qDjrrX/Z1rR1kG8Dx+gkpK1G4eXmvXswmcE1hTWBWYUzlraYw1/yZp6YuDY77YtvbN0dmDA==",
      "dependencies": [
        "shebang-regex"
      ]
    },
    "shebang-regex@3.0.0": {
      "integrity": "sha512-7++dFhtcx3353uBaq8DDR4NuxBetBzC7ZQOhmTQInHEd6bSrXdiEyzCvG07Z44UYdLShWUyXt5M/yhz8ekcb1A=="
    },
    "signal-exit@4.1.0": {
      "integrity": "sha512-bzyZ1e88w9O1iNJbKnOlvYTrWPDl46O1bG0D3XInv+9tkPrxrN8jUUTiFlDkkmKWgn1M6CfIA13SuGqOa9Korw=="
    },
    "string-width@4.2.3": {
      "integrity": "sha512-wKyQRQpjJ0sIp62ErSZdGsjMJWsap5oRNihHhu6G7JVO/9jIB6UyevL+tXuOqrng8j/cxKTWyWUwvSTriiZz/g==",
      "dependencies": [
        "emoji-regex@8.0.0",
        "is-fullwidth-code-point",
        "strip-ansi@6.0.1"
      ]
    },
    "string-width@5.1.2": {
      "integrity": "sha512-HnLOCR3vjcY8beoNLtcjZ5/nxn2afmME6lhrDrebokqMap+XbeW8n9TXpPDOqdGK5qcI3oT0GKTW6wC7EMiVqA==",
      "dependencies": [
        "eastasianwidth",
        "emoji-regex@9.2.2",
        "strip-ansi@7.1.0"
      ]
    },
    "strip-ansi@6.0.1": {
      "integrity": "sha512-Y38VPSHcqkFrCpFnQ9vuSXmquuv5oXOKpGeT6aGrr3o3Gc9AlVa6JBfUSOCnbxGGZF+/0ooI7KrPuUSztUdU5A==",
      "dependencies": [
        "ansi-regex@5.0.1"
      ]
    },
    "strip-ansi@7.1.0": {
      "integrity": "sha512-iq6eVVI64nQQTRYq2KtEg2d2uU7LElhTJwsH4YzIHZshxlgZms/wIc4VoDQTlG/IvVIrBKG06CrZnp0qv7hkcQ==",
      "dependencies": [
        "ansi-regex@6.1.0"
      ]
    },
    "supports-color@7.2.0": {
      "integrity": "sha512-qpCAvRl9stuOHveKsn7HncJRvv501qIacKzQlO/+Lwxc9+0q2wLyv4Dfvt80/DPn2pqOBsJdDiogXGR9+OvwRw==",
      "dependencies": [
        "has-flag"
      ]
    },
    "tinypool@0.8.4": {
      "integrity": "sha512-i11VH5gS6IFeLY3gMBQ00/MmLncVP7JLXOw1vlgkytLmJK7QnEr7NXf0LBdxfmNPAeyetukOk0bOYrJrFGjYJQ=="
    },
    "to-regex-range@5.0.1": {
      "integrity": "sha512-65P7iz6X5yEr1cwcgvQxbbIw7Uk3gOy5dIdtZ4rDveLqhrdJP+Li/Hx6tyK0NEb+2GCyneCMJiGqrADCSNk8sQ==",
      "dependencies": [
        "is-number"
      ]
    },
    "ts-parse-database-url@1.0.3": {
      "integrity": "sha512-7AIP9EZyKsgaeGpu+Yhu6xDQtwbKDfkw5zBUsuYXju79tFRj6u8w2W+5Ag5wtCS6LM1jOB4iIqDNyFYX758wVQ==",
      "dependencies": [
        "mongodb-uri"
      ]
    },
    "tslib@2.8.1": {
      "integrity": "sha512-oJFu94HQb+KVduSUQL7wnpmqnfmLsOA/nAh6b6EH0wCEoK0/mPeXU6c3wKDV83MkOuHPRHtSXKKU99IBazS/2w=="
    },
    "typescript@5.7.3": {
      "integrity": "sha512-84MVSjMEHP+FQRPy3pX9sTVV/INIex71s9TL2Gm5FG/WG1SqXeKyZ0k7/blY/4FdOzI12CBy1vGc4og/eus0fw=="
    },
    "universalify@2.0.1": {
      "integrity": "sha512-gptHNQghINnc/vTGIk0SOFGFNXw7JVrlRUtConJRlvaw6DuX0wO5Jeko9sWrMBhh+PsYAZ7oXAiOnf/UKogyiw=="
    },
    "which@2.0.2": {
      "integrity": "sha512-BLI3Tl1TW3Pvl70l3yq3Y64i+awpwXqsGBYWkkqMtnbXgrMD+yj7rhW0kuEDxzJaYXGjEW5ogapKNMEKNMjibA==",
      "dependencies": [
        "isexe"
      ]
    },
    "wrap-ansi@7.0.0": {
      "integrity": "sha512-YVGIj2kamLSTxw6NsZjoBxfSwsn0ycdesmc4p+Q21c5zPuZ1pl+NfxVdxPtdHvmNVOQ6XSYG4AUtyt/Fi7D16Q==",
      "dependencies": [
        "ansi-styles@4.3.0",
        "string-width@4.2.3",
        "strip-ansi@6.0.1"
      ]
    },
    "wrap-ansi@8.1.0": {
      "integrity": "sha512-si7QWI6zUMq56bESFvagtmzMdGOtoxfR+Sez11Mobfc7tm+VkUckk9bW2UeffTGVUbOksxmSw0AA2gs8g71NCQ==",
      "dependencies": [
        "ansi-styles@6.2.1",
        "string-width@5.1.2",
        "strip-ansi@7.1.0"
      ]
    },
    "y18n@5.0.8": {
      "integrity": "sha512-0pfFzegeDWJHJIAmTLRP2DwHjdF5s7jo9tuztdQxAhINCdvS+3nGINqPd00AphqJR/0LhANUS6/+7SCb98YOfA=="
    },
    "yargs-parser@21.1.1": {
      "integrity": "sha512-tVpsJW7DdjecAiFpbIB1e3qxIQsE6NoPc5/eTdrbbIC4h0LVsWhnoa3g+m2HclBIujHzsxZ4VJVA+GUuc2/LBw=="
    },
    "yargs@17.7.2": {
      "integrity": "sha512-7dSzzRQ++CKnNI/krKnYRV7JKKPUXMEh61soaHKg9mrWEhzFWhFnxPxGl+69cD1Ou63C13NUPCnmIcrvqCuM6w==",
      "dependencies": [
        "cliui",
        "escalade",
        "get-caller-file",
        "require-directory",
        "string-width@4.2.3",
        "y18n",
        "yargs-parser"
      ]
    },
    "zod@3.24.2": {
      "integrity": "sha512-lY7CDW43ECgW9u1TcT3IoXHflywfVqDYze4waEz812jR/bZ8FHDsl7pFQoSZTz5N+2NqRXs8GBwnAwo3ZNxqhQ=="
    }
  },
  "workspace": {
    "packageJson": {
      "dependencies": [
        "npm:zod@^3.24.2"
      ]
    }
  }
}
